
Microsoft Visual Studio Solution File, Format Version 12.00
# Visual Studio Version 17
VisualStudioVersion = 17.1.32328.378
MinimumVisualStudioVersion = 10.0.40219.1
Project("{FAE04EC0-301F-11D3-BF4B-00C04F79EFBC}") = "Lesson Entity FrameWork", "Lesson Entity FrameWork.csproj", "{EB04BDFA-E283-4687-A9D6-8A72F88CCC32}"
EndProject
Global
	GlobalSection(SolutionConfigurationPlatforms) = preSolution
		Debug|Any CPU = Debug|Any CPU
		Release|Any CPU = Release|Any CPU
	EndGlobalSection
	GlobalSection(ProjectConfigurationPlatforms) = postSolution
		{EB04BDFA-E283-4687-A9D6-8A72F88CCC32}.Debug|Any CPU.ActiveCfg = Debug|Any CPU
		{EB04BDFA-E283-4687-A9D6-8A72F88CCC32}.Debug|Any CPU.Build.0 = Debug|Any CPU
		{EB04BDFA-E283-4687-A9D6-8A72F88CCC32}.Release|Any CPU.ActiveCfg = Release|Any CPU
		{EB04BDFA-E283-4687-A9D6-8A72F88CCC32}.Release|Any CPU.Build.0 = Release|Any CPU
	EndGlobalSection
	GlobalSection(SolutionProperties) = preSolution
		HideSolutionNode = FALSE
	EndGlobalSection
	GlobalSection(ExtensibilityGlobals) = postSolution
		SolutionGuid = {D5F14ADE-B650-4C30-A56D-CFBF7A3E0E9F}
	EndGlobalSection
EndGlobal
